Microsoft Visual Studio Solution File, Format Version 12.00
# Visual Studio 2012
Project("{FAE04EC0-301F-11D3-BF4B-00C04F79EFBC}") = "2DRPGGame", "2DRPGGame.csproj", "{BD541166-BBE6-42FC-856D-52A4A6A74B77}"
EndProject
Global
	GlobalSection(SolutionConfigurationPlatforms) = preSolution
	Debug|Any CPU = Debug|Any CPU
	ExportDebug|Any CPU = ExportDebug|Any CPU
	ExportRelease|Any CPU = ExportRelease|Any CPU
	EndGlobalSection
	GlobalSection(ProjectConfigurationPlatforms) = postSolution
		{BD541166-BBE6-42FC-856D-52A4A6A74B77}.Debug|Any CPU.ActiveCfg = Debug|Any CPU
		{BD541166-BBE6-42FC-856D-52A4A6A74B77}.Debug|Any CPU.Build.0 = Debug|Any CPU
		{BD541166-BBE6-42FC-856D-52A4A6A74B77}.ExportDebug|Any CPU.ActiveCfg = ExportDebug|Any CPU
		{BD541166-BBE6-42FC-856D-52A4A6A74B77}.ExportDebug|Any CPU.Build.0 = ExportDebug|Any CPU
		{BD541166-BBE6-42FC-856D-52A4A6A74B77}.ExportRelease|Any CPU.ActiveCfg = ExportRelease|Any CPU
		{BD541166-BBE6-42FC-856D-52A4A6A74B77}.ExportRelease|Any CPU.Build.0 = ExportRelease|Any CPU
	EndGlobalSection
EndGlobal
